# This file is automatically @generated by Cargo.
# It is not intended for manual editing.
version = 4

[[package]]
name = "choco"
version = "0.1.0"
dependencies = [
 "chokofactory-core",
]

[[package]]
name = "chokofactory-core"
version = "0.1.0"

[[package]]
name = "chokofactoryd"
version = "0.1.0"
dependencies = [
 "chokofactory-core",
]
